{
  "name": "@voxgig/borueng",
  "version": "0.1.0",
  "lockfileVersion": 3,
  "requires": true,
  "packages": {
    "": {
      "name": "@voxgig/borueng",
      "version": "0.1.0",
      "dependencies": {
        "@tabnas/json": "^0.4.1",
        "@tabnas/jsonic": "^0.4.1",
        "@tabnas/parser": "^0.4.1"
      },
      "devDependencies": {
        "@types/node": "^24.7.0",
        "typescript": "^6.0.3"
      },
      "engines": {
        "node": ">=24.0.0"
      }
    },
    "node_modules/@tabnas/json": {
      "version": "0.4.1",
      "resolved": "https://registry.npmjs.org/@tabnas/json/-/json-0.4.1.tgz",
      "integrity": "sha512-E2qTSlYSh/VM8OLPzaWizXBrozbZB+W9VPw4MSQFn3mjycvA2Qk3AHQmdy+4yiYPz3vRO+IN0SgJB4p99W6SOg==",
      "license": "MIT",
      "bin": {
        "tabnas-json": "bin/json"
      },
      "engines": {
        "node": ">=24"
      },
      "peerDependencies": {
        "@tabnas/parser": ">=0"
      }
    },
    "node_modules/@tabnas/jsonic": {
      "version": "0.4.1",
      "resolved": "https://registry.npmjs.org/@tabnas/jsonic/-/jsonic-0.4.1.tgz",
      "integrity": "sha512-zGwmfY0u4RreiVIaoQsaxxjEcFWGdnzIUsYccv0BMWzhbrfM16q38bpy3INojMAw9RfsDd3TLJH67OiUDKdclw==",
      "license": "MIT",
      "engines": {
        "node": ">=24"
      },
      "peerDependencies": {
        "@tabnas/json": ">=0",
        "@tabnas/parser": ">=0"
      }
    },
    "node_modules/@tabnas/parser": {
      "version": "0.4.1",
      "resolved": "https://registry.npmjs.org/@tabnas/parser/-/parser-0.4.1.tgz",
      "integrity": "sha512-rLvH/spXpjkEyAezHamBWW3xNQFcs1uPQ0hzCzV2zPisK0d2DSg9O8xT38IDFMDIGwEO84EB1fcp8X9wkEsYWw==",
      "license": "MIT",
      "engines": {
        "node": ">=24"
      }
    },
    "node_modules/@types/node": {
      "version": "24.12.3",
      "resolved": "https://registry.npmjs.org/@types/node/-/node-24.12.3.tgz",
      "integrity": "sha512-8oljBDGun9cIsZRJR6fkihn0TSXJI0UDOOhncYaERq6M0JMDoPLxyscwruJcb4GKS6dvK/d8xebYBg27h/duaQ==",
      "dev": true,
      "license": "MIT",
      "dependencies": {
        "undici-types": "~7.16.0"
      }
    },
    "node_modules/typescript": {
      "version": "6.0.3",
      "resolved": "https://registry.npmjs.org/typescript/-/typescript-6.0.3.tgz",
      "integrity": "sha512-y2TvuxSZPDyQakkFRPZHKFm+KKVqIisdg9/CZwm9ftvKXLP8NRWj38/ODjNbr43SsoXqNuAisEf1GdCxqWcdBw==",
      "dev": true,
      "license": "Apache-2.0",
      "bin": {
        "tsc": "bin/tsc",
        "tsserver": "bin/tsserver"
      },
      "engines": {
        "node": ">=14.17"
      }
    },
    "node_modules/undici-types": {
      "version": "7.16.0",
      "resolved": "https://registry.npmjs.org/undici-types/-/undici-types-7.16.0.tgz",
      "integrity": "sha512-Zz+aZWSj8LE6zoxD+xrjh4VfkIG8Ya6LvYkZqtUQGJPZjYl53ypCaUwWqo7eI0x66KBGeRo+mlBEkMSeSZ38Nw==",
      "dev": true,
      "license": "MIT"
    }
  }
}
