{
  "name": "@voxgig/boruparser",
  "version": "0.1.0",
  "lockfileVersion": 3,
  "requires": true,
  "packages": {
    "": {
      "name": "@voxgig/boruparser",
      "version": "0.1.0",
      "dependencies": {
        "@tabnas/jsonic": "^0.4.1",
        "@tabnas/parser": "^0.4.1",
        "@voxgig/borucore": "file:../../core/ts"
      },
      "devDependencies": {
        "@types/node": "^24.7.0",
        "typescript": "^6.0.3"
      },
      "engines": {
        "node": ">=24.0.0"
      }
    },
    "../../core/ts": {
      "name": "@voxgig/borucore",
      "version": "0.1.0",
      "devDependencies": {
        "@types/node": "^24.7.0",
        "typescript": "^6.0.3"
      },
      "engines": {
        "node": ">=24.0.0"
      }
    },
    "node_modules/@tabnas/json": {
      "version": "0.4.2",
      "resolved": "https://registry.npmjs.org/@tabnas/json/-/json-0.4.2.tgz",
      "integrity": "sha512-vrLZmasrZZJ9r8p2qByAGFLt7AtBklIHy+SNfFhEVe0+zSY/8wXZtYC3qo5xWFyfASZsFVVC2Nf+XEOTcnV/SA==",
      "license": "MIT",
      "peer": true,
      "bin": {
        "tabnas-json": "bin/json"
      },
      "engines": {
        "node": ">=24"
      },
      "peerDependencies": {
        "@tabnas/parser": ">=0"
      }
    },
    "node_modules/@tabnas/jsonic": {
      "version": "0.4.2",
      "resolved": "https://registry.npmjs.org/@tabnas/jsonic/-/jsonic-0.4.2.tgz",
      "integrity": "sha512-bSRNlYihhuco53F8YrBF67PEDej4GlbbkxXhQ08+1X1L7Y0IBAzq4+nu1JOiZ2r+pkVAEB4twy4UTCFxS4vScA==",
      "license": "MIT",
      "engines": {
        "node": ">=24"
      },
      "peerDependencies": {
        "@tabnas/json": ">=0",
        "@tabnas/parser": ">=0"
      }
    },
    "node_modules/@tabnas/parser": {
      "version": "0.4.1",
      "resolved": "https://registry.npmjs.org/@tabnas/parser/-/parser-0.4.1.tgz",
      "integrity": "sha512-rLvH/spXpjkEyAezHamBWW3xNQFcs1uPQ0hzCzV2zPisK0d2DSg9O8xT38IDFMDIGwEO84EB1fcp8X9wkEsYWw==",
      "license": "MIT",
      "engines": {
        "node": ">=24"
      }
    },
    "node_modules/@types/node": {
      "version": "24.13.3",
      "resolved": "https://registry.npmjs.org/@types/node/-/node-24.13.3.tgz",
      "integrity": "sha512-Dh8vAsV36ig5wa9OX4pXvMc9D3Veibfw2wix0CUwYODLD8nkj9UsLjASr49nPg+2eKzxhBV+v7L8pXvT4e639Q==",
      "dev": true,
      "license": "MIT",
      "dependencies": {
        "undici-types": "~7.18.0"
      }
    },
    "node_modules/@voxgig/borucore": {
      "resolved": "../../core/ts",
      "link": true
    },
    "node_modules/typescript": {
      "version": "6.0.3",
      "resolved": "https://registry.npmjs.org/typescript/-/typescript-6.0.3.tgz",
      "integrity": "sha512-y2TvuxSZPDyQakkFRPZHKFm+KKVqIisdg9/CZwm9ftvKXLP8NRWj38/ODjNbr43SsoXqNuAisEf1GdCxqWcdBw==",
      "dev": true,
      "license": "Apache-2.0",
      "bin": {
        "tsc": "bin/tsc",
        "tsserver": "bin/tsserver"
      },
      "engines": {
        "node": ">=14.17"
      }
    },
    "node_modules/undici-types": {
      "version": "7.18.2",
      "resolved": "https://registry.npmjs.org/undici-types/-/undici-types-7.18.2.tgz",
      "integrity": "sha512-AsuCzffGHJybSaRrmr5eHr81mwJU3kjw6M+uprWvCXiNeN9SOGwQ3Jn8jb8m3Z6izVgknn1R0FTCEAP2QrLY/w==",
      "dev": true,
      "license": "MIT"
    }
  }
}
